{
  "name": "gravitygoat-photoviewer",
  "version": "1.0.0",
  "lockfileVersion": 1,
  "requires": true,
  "dependencies": {
    "exifreader": {
      "version": "3.9.0",
      "resolved": "https://registry.npmjs.org/exifreader/-/exifreader-3.9.0.tgz",
      "integrity": "sha512-AvkH1gL/NtEs/54xcyrME3luiPsmmhiojB5BDyTfAkeJYTlNCZd11YQIFITaHsHQPOU46FLsPRSVj2cc4D8NOQ==",
      "requires": {
        "xmldom": "^0.1.31"
      }
    },
    "xmldom": {
      "version": "0.1.31",
      "resolved": "https://registry.npmjs.org/xmldom/-/xmldom-0.1.31.tgz",
      "integrity": "sha512-yS2uJflVQs6n+CyjHoaBmVSqIDevTAWrzMmjG1Gc7h1qQ7uVozNhEPJAwZXWyGQ/Gafo3fCwrcaokezLPupVyQ==",
      "optional": true
    }
  }
}
